// !$*UTF8*$!
{
	archiveVersion = 1;
	classes = {
	};
	objectVersion = 46;
	objects = {

/* Begin PBXBuildFile section */
		7FBFD9F11B53252800FAA31B /* AppDelegate.swift in Sources */ = {isa = PBXBuildFile; fileRef = 7FBFD9F01B53252800FAA31B /* AppDelegate.swift */; };
		7FBFD9F31B53252800FAA31B /* ViewController.swift in Sources */ = {isa = PBXBuildFile; fileRef = 7FBFD9F21B53252800FAA31B /* ViewController.swift */; };
		7FBFD9F61B53252800FAA31B /* Main.storyboard in Resources */ = {isa = PBXBuildFile; fileRef = 7FBFD9F41B53252800FAA31B /* Main.storyboard */; };
		7FBFD9F81B53252800FAA31B /* Images.xcassets in Resources */ = {isa = PBXBuildFile; fileRef = 7FBFD9F71B53252800FAA31B /* Images.xcassets */; };
		7FBFD9FB1B53252800FAA31B /* LaunchScreen.xib in Resources */ = {isa = PBXBuildFile; fileRef = 7FBFD9F91B53252800FAA31B /* LaunchScreen.xib */; };
		7FBFDA071B53252800FAA31B /* Swift_CalcTests.swift in Sources */ = {isa = PBXBuildFile; fileRef = 7FBFDA061B53252800FAA31B /* Swift_CalcTests.swift */; };
/* End PBXBuildFile section */

/* Begin PBXContainerItemProxy section */
		7FBFDA011B53252800FAA31B /* PBXContainerItemProxy */ = {
			isa = PBXContainerItemProxy;
			containerPortal = 7FBFD9E31B53252800FAA31B /* Project object */;
			proxyType = 1;
			remoteGlobalIDString = 7FBFD9EA1B53252800FAA31B;
			remoteInfo = "Swift-Calc";
		};
/* End PBXContainerItemProxy section */

/* Begin PBXFileReference section */
		7FBFD9EB1B53252800FAA31B /* Swift-Calc.app */ = {isa = PBXFileReference; explicitFileType = wrapper.application; includeInIndex = 0; path = "Swift-Calc.app"; sourceTree = BUILT_PRODUCTS_DIR; };
		7FBFD9EF1B53252800FAA31B /* Info.plist */ = {isa = PBXFileReference; lastKnownFileType = text.plist.xml; path = Info.plist; sourceTree = "<group>"; };
		7FBFD9F01B53252800FAA31B /* AppDelegate.swift */ = {isa = PBXFileReference; lastKnownFileType = sourcecode.swift; path = AppDelegate.swift; sourceTree = "<group>"; };
		7FBFD9F21B53252800FAA31B /* ViewController.swift */ = {isa = PBXFileReference; lastKnownFileType = sourcecode.swift; path = ViewController.swift; sourceTree = "<group>"; };
		7FBFD9F51B53252800FAA31B /* Base */ = {isa = PBXFileReference; lastKnownFileType = file.storyboard; name = Base; path = Base.lproj/Main.storyboard; sourceTree = "<group>"; };
		7FBFD9F71B53252800FAA31B /* Images.xcassets */ = {isa = PBXFileReference; lastKnownFileType = folder.assetcatalog; path = Images.xcassets; sourceTree = "<group>"; };
		7FBFD9FA1B53252800FAA31B /* Base */ = {isa = PBXFileReference; lastKnownFileType = file.xib; name = Base; path = Base.lproj/LaunchScreen.xib; sourceTree = "<group>"; };
		7FBFDA001B53252800FAA31B /* Swift-CalcTests.xctest */ = {isa = PBXFileReference; explicitFileType = wrapper.cfbundle; includeInIndex = 0; path = "Swift-CalcTests.xctest"; sourceTree = BUILT_PRODUCTS_DIR; };
		7FBFDA051B53252800FAA31B /* Info.plist */ = {isa = PBXFileReference; lastKnownFileType = text.plist.xml; path = Info.plist; sourceTree = "<group>"; };
		7FBFDA061B53252800FAA31B /* Swift_CalcTests.swift */ = {isa = PBXFileReference; lastKnownFileType = sourcecode.swift; path = Swift_CalcTests.swift; sourceTree = "<group>"; };
/* End PBXFileReference section */

/* Begin PBXFrameworksBuildPhase section */
		7FBFD9E81B53252800FAA31B /* Frameworks */ = {
			isa = PBXFrameworksBuildPhase;
			buildActionMask = 2147483647;
			files = (
			);
			runOnlyForDeploymentPostprocessing = 0;
		};
		7FBFD9FD1B53252800FAA31B /* Frameworks */ = {
			isa = PBXFrameworksBuildPhase;
			buildActionMask = 2147483647;
			files = (
			);
			runOnlyForDeploymentPostprocessing = 0;
		};
/* End PBXFrameworksBuildPhase section */

/* Begin PBXGroup section */
		7FBFD9E21B53252800FAA31B = {
			isa = PBXGroup;
			children = (
				7FBFD9ED1B53252800FAA31B /* Swift-Calc */,
				7FBFDA031B53252800FAA31B /* Swift-CalcTests */,
				7FBFD9EC1B53252800FAA31B /* Products */,
			);
			sourceTree = "<group>";
		};
		7FBFD9EC1B53252800FAA31B /* Products */ = {
			isa = PBXGroup;
			children = (
				7FBFD9EB1B53252800FAA31B /* Swift-Calc.app */,
				7FBFDA001B53252800FAA31B /* Swift-CalcTests.xctest */,
			);
			name = Products;
			sourceTree = "<group>";
		};
		7FBFD9ED1B53252800FAA31B /* Swift-Calc */ = {
			isa = PBXGroup;
			children = (
				7FBFD9F01B53252800FAA31B /* AppDelegate.swift */,
				7FBFD9F21B53252800FAA31B /* ViewController.swift */,
				7FBFD9F41B53252800FAA31B /* Main.storyboard */,
				7FBFD9F71B53252800FAA31B /* Images.xcassets */,
				7FBFD9F91B53252800FAA31B /* LaunchScreen.xib */,
				7FBFD9EE1B53252800FAA31B /* Supporting Files */,
			);
			path = "Swift-Calc";
			sourceTree = "<group>";
		};
		7FBFD9EE1B53252800FAA31B /* Supporting Files */ = {
			isa = PBXGroup;
			children = (
				7FBFD9EF1B53252800FAA31B /* Info.plist */,
			);
			name = "Supporting Files";
			sourceTree = "<group>";
		};
		7FBFDA031B53252800FAA31B /* Swift-CalcTests */ = {
			isa = PBXGroup;
			children = (
				7FBFDA061B53252800FAA31B /* Swift_CalcTests.swift */,
				7FBFDA041B53252800FAA31B /* Supporting Files */,
			);
			path = "Swift-CalcTests";
			sourceTree = "<group>";
		};
		7FBFDA041B53252800FAA31B /* Supporting Files */ = {
			isa = PBXGroup;
			children = (
				7FBFDA051B53252800FAA31B /* Info.plist */,
			);
			name = "Supporting Files";
			sourceTree = "<group>";
		};
/* End PBXGroup section */

/* Begin PBXNativeTarget section */
		7FBFD9EA1B53252800FAA31B /* Swift-Calc */ = {
			isa = PBXNativeTarget;
			buildConfigurationList = 7FBFDA0A1B53252800FAA31B /* Build configuration list for PBXNativeTarget "Swift-Calc" */;
			buildPhases = (
				7FBFD9E71B53252800FAA31B /* Sources */,
				7FBFD9E81B53252800FAA31B /* Frameworks */,
				7FBFD9E91B53252800FAA31B /* Resources */,
			);
			buildRules = (
			);
			dependencies = (
			);
			name = "Swift-Calc";
			productName = "Swift-Calc";
			productReference = 7FBFD9EB1B53252800FAA31B /* Swift-Calc.app */;
			productType = "com.apple.product-type.application";
		};
		7FBFD9FF1B53252800FAA31B /* Swift-CalcTests */ = {
			isa = PBXNativeTarget;
			buildConfigurationList = 7FBFDA0D1B53252800FAA31B /* Build configuration list for PBXNativeTarget "Swift-CalcTests" */;
			buildPhases = (
				7FBFD9FC1B53252800FAA31B /* Sources */,
				7FBFD9FD1B53252800FAA31B /* Frameworks */,
				7FBFD9FE1B53252800FAA31B /* Resources */,
			);
			buildRules = (
			);
			dependencies = (
				7FBFDA021B53252800FAA31B /* PBXTargetDependency */,
			);
			name = "Swift-CalcTests";
			productName = "Swift-CalcTests";
			productReference = 7FBFDA001B53252800FAA31B /* Swift-CalcTests.xctest */;
			productType = "com.apple.product-type.bundle.unit-test";
		};
/* End PBXNativeTarget section */

/* Begin PBXProject section */
		7FBFD9E31B53252800FAA31B /* Project object */ = {
			isa = PBXProject;
			attributes = {
				LastUpgradeCheck = 0630;
				ORGANIZATIONNAME = "Blake Clough";
				TargetAttributes = {
					7FBFD9EA1B53252800FAA31B = {
						CreatedOnToolsVersion = 6.3.2;
					};
					7FBFD9FF1B53252800FAA31B = {
						CreatedOnToolsVersion = 6.3.2;
						TestTargetID = 7FBFD9EA1B53252800FAA31B;
					};
				};
			};
			buildConfigurationList = 7FBFD9E61B53252800FAA31B /* Build configuration list for PBXProject "Swift-Calc" */;
			compatibilityVersion = "Xcode 3.2";
			developmentRegion = English;
			hasScannedForEncodings = 0;
			knownRegions = (
				en,
				Base,
			);
			mainGroup = 7FBFD9E21B53252800FAA31B;
			productRefGroup = 7FBFD9EC1B53252800FAA31B /* Products */;
			projectDirPath = "";
			projectRoot = "";
			targets = (
				7FBFD9EA1B53252800FAA31B /* Swift-Calc */,
				7FBFD9FF1B53252800FAA31B /* Swift-CalcTests */,
			);
		};
/* End PBXProject section */

/* Begin PBXResourcesBuildPhase section */
		7FBFD9E91B53252800FAA31B /* Resources */ = {
			isa = PBXResourcesBuildPhase;
			buildActionMask = 2147483647;
			files = (
				7FBFD9F61B53252800FAA31B /* Main.storyboard in Resources */,
				7FBFD9FB1B53252800FAA31B /* LaunchScreen.xib in Resources */,
				7FBFD9F81B53252800FAA31B /* Images.xcassets in Resources */,
			);
			runOnlyForDeploymentPostprocessing = 0;
		};
		7FBFD9FE1B53252800FAA31B /* Resources */ = {
			isa = PBXResourcesBuildPhase;
			buildActionMask = 2147483647;
			files = (
			);
			runOnlyForDeploymentPostprocessing = 0;
		};
/* End PBXResourcesBuildPhase section */

/* Begin PBXSourcesBuildPhase section */
		7FBFD9E71B53252800FAA31B /* Sources */ = {
			isa = PBXSourcesBuildPhase;
			buildActionMask = 2147483647;
			files = (
				7FBFD9F31B53252800FAA31B /* ViewController.swift in Sources */,
				7FBFD9F11B53252800FAA31B /* AppDelegate.swift in Sources */,
			);
			runOnlyForDeploymentPostprocessing = 0;
		};
		7FBFD9FC1B53252800FAA31B /* Sources */ = {
			isa = PBXSourcesBuildPhase;
			buildActionMask = 2147483647;
			files = (
				7FBFDA071B53252800FAA31B /* Swift_CalcTests.swift in Sources */,
			);
			runOnlyForDeploymentPostprocessing = 0;
		};
/* End PBXSourcesBuildPhase section */

/* Begin PBXTargetDependency section */
		7FBFDA021B53252800FAA31B /* PBXTargetDependency */ = {
			isa = PBXTargetDependency;
			target = 7FBFD9EA1B53252800FAA31B /* Swift-Calc */;
			targetProxy = 7FBFDA011B53252800FAA31B /* PBXContainerItemProxy */;
		};
/* End PBXTargetDependency section */

/* Begin PBXVariantGroup section */
		7FBFD9F41B53252800FAA31B /* Main.storyboard */ = {
			isa = PBXVariantGroup;
			children = (
				7FBFD9F51B53252800FAA31B /* Base */,
			);
			name = Main.storyboard;
			sourceTree = "<group>";
		};
		7FBFD9F91B53252800FAA31B /* LaunchScreen.xib */ = {
			isa = PBXVariantGroup;
			children = (
				7FBFD9FA1B53252800FAA31B /* Base */,
			);
			name = LaunchScreen.xib;
			sourceTree = "<group>";
		};
/* End PBXVariantGroup section */

/* Begin XCBuildConfiguration section */
		7FBFDA081B53252800FAA31B /* Debug */ = {
			isa = XCBuildConfiguration;
			buildSettings = {
				ALWAYS_SEARCH_USER_PATHS = NO;
				CLANG_CXX_LANGUAGE_STANDARD = "gnu++0x";
				CLANG_CXX_LIBRARY = "libc++";
				CLANG_ENABLE_MODULES = YES;
				CLANG_ENABLE_OBJC_ARC = YES;
				CLANG_WARN_BOOL_CONVERSION = YES;
				CLANG_WARN_CONSTANT_CONVERSION = YES;
				CLANG_WARN_DIRECT_OBJC_ISA_USAGE = YES_ERROR;
				CLANG_WARN_EMPTY_BODY = YES;
				CLANG_WARN_ENUM_CONVERSION = YES;
				CLANG_WARN_INT_CONVERSION = YES;
				CLANG_WARN_OBJC_ROOT_CLASS = YES_ERROR;
				CLANG_WARN_UNREACHABLE_CODE = YES;
				CLANG_WARN__DUPLICATE_METHOD_MATCH = YES;
				"CODE_SIGN_IDENTITY[sdk=iphoneos*]" = "iPhone Developer";
				COPY_PHASE_STRIP = NO;
				DEBUG_INFORMATION_FORMAT = "dwarf-with-dsym";
				ENABLE_STRICT_OBJC_MSGSEND = YES;
				GCC_C_LANGUAGE_STANDARD = gnu99;
				GCC_DYNAMIC_NO_PIC = NO;
				GCC_NO_COMMON_BLOCKS = YES;
				GCC_OPTIMIZATION_LEVEL = 0;
				GCC_PREPROCESSOR_DEFINITIONS = (
					"DEBUG=1",
					"$(inherited)",
				);
				GCC_SYMBOLS_PRIVATE_EXTERN = NO;
				GCC_WARN_64_TO_32_BIT_CONVERSION = YES;
				GCC_WARN_ABOUT_RETURN_TYPE = YES_ERROR;
				GCC_WARN_UNDECLARED_SELECTOR = YES;
				GCC_WARN_UNINITIALIZED_AUTOS = YES_AGGRESSIVE;
				GCC_WARN_UNUSED_FUNCTION = YES;
				GCC_WARN_UNUSED_VARIABLE = YES;
				IPHONEOS_DEPLOYMENT_TARGET = 8.3;
				MTL_ENABLE_DEBUG_INFO = YES;
				ONLY_ACTIVE_ARCH = YES;
				SDKROOT = iphoneos;
				SWIFT_OPTIMIZATION_LEVEL = "-Onone";
				TARGETED_DEVICE_FAMILY = "1,2";
			};
			name = Debug;
		};
		7FBFDA091B53252800FAA31B /* Release */ = {
			isa = XCBuildConfiguration;
			buildSettings = {
				ALWAYS_SEARCH_USER_PATHS = NO;
				CLANG_CXX_LANGUAGE_STANDARD = "gnu++0x";
				CLANG_CXX_LIBRARY = "libc++";
				CLANG_ENABLE_MODULES = YES;
				CLANG_ENABLE_OBJC_ARC = YES;
				CLANG_WARN_BOOL_CONVERSION = YES;
				CLANG_WARN_CONSTANT_CONVERSION = YES;
				CLANG_WARN_DIRECT_OBJC_ISA_USAGE = YES_ERROR;
				CLANG_WARN_EMPTY_BODY = YES;
				CLANG_WARN_ENUM_CONVERSION = YES;
				CLANG_WARN_INT_CONVERSION = YES;
				CLANG_WARN_OBJC_ROOT_CLASS = YES_ERROR;
				CLANG_WARN_UNREACHABLE_CODE = YES;
				CLANG_WARN__DUPLICATE_METHOD_MATCH = YES;
				"CODE_SIGN_IDENTITY[sdk=iphoneos*]" = "iPhone Developer";
				COPY_PHASE_STRIP = NO;
				DEBUG_INFORMATION_FORMAT = "dwarf-with-dsym";
				ENABLE_NS_ASSERTIONS = NO;
				ENABLE_STRICT_OBJC_MSGSEND = YES;
				GCC_C_LANGUAGE_STANDARD = gnu99;
				GCC_NO_COMMON_BLOCKS = YES;
				GCC_WARN_64_TO_32_BIT_CONVERSION = YES;
				GCC_WARN_ABOUT_RETURN_TYPE = YES_ERROR;
				GCC_WARN_UNDECLARED_SELECTOR = YES;
				GCC_WARN_UNINITIALIZED_AUTOS = YES_AGGRESSIVE;
				GCC_WARN_UNUSED_FUNCTION = YES;
				GCC_WARN_UNUSED_VARIABLE = YES;
				IPHONEOS_DEPLOYMENT_TARGET = 8.3;
				MTL_ENABLE_DEBUG_INFO = NO;
				SDKROOT = iphoneos;
				TARGETED_DEVICE_FAMILY = "1,2";
				VALIDATE_PRODUCT = YES;
			};
			name = Release;
		};
		7FBFDA0B1B53252800FAA31B /* Debug */ = {
			isa = XCBuildConfiguration;
			buildSettings = {
				ASSETCATALOG_COMPILER_APPICON_NAME = AppIcon;
				INFOPLIST_FILE = "Swift-Calc/Info.plist";
				LD_RUNPATH_SEARCH_PATHS = "$(inherited) @executable_path/Frameworks";
				PRODUCT_NAME = "$(TARGET_NAME)";
			};
			name = Debug;
		};
		7FBFDA0C1B53252800FAA31B /* Release */ = {
			isa = XCBuildConfiguration;
			buildSettings = {
				ASSETCATALOG_COMPILER_APPICON_NAME = AppIcon;
				INFOPLIST_FILE = "Swift-Calc/Info.plist";
				LD_RUNPATH_SEARCH_PATHS = "$(inherited) @executable_path/Frameworks";
				PRODUCT_NAME = "$(TARGET_NAME)";
			};
			name = Release;
		};
		7FBFDA0E1B53252800FAA31B /* Debug */ = {
			isa = XCBuildConfiguration;
			buildSettings = {
				BUNDLE_LOADER = "$(TEST_HOST)";
				FRAMEWORK_SEARCH_PATHS = (
					"$(SDKROOT)/Developer/Library/Frameworks",
					"$(inherited)",
				);
				GCC_PREPROCESSOR_DEFINITIONS = (
					"DEBUG=1",
					"$(inherited)",
				);
				INFOPLIST_FILE = "Swift-CalcTests/Info.plist";
				LD_RUNPATH_SEARCH_PATHS = "$(inherited) @executable_path/Frameworks @loader_path/Frameworks";
				PRODUCT_NAME = "$(TARGET_NAME)";
				TEST_HOST = "$(BUILT_PRODUCTS_DIR)/Swift-Calc.app/Swift-Calc";
			};
			name = Debug;
		};
		7FBFDA0F1B53252800FAA31B /* Release */ = {
			isa = XCBuildConfiguration;
			buildSettings = {
				BUNDLE_LOADER = "$(TEST_HOST)";
				FRAMEWORK_SEARCH_PATHS = (
					"$(SDKROOT)/Developer/Library/Frameworks",
					"$(inherited)",
				);
				INFOPLIST_FILE = "Swift-CalcTests/Info.plist";
				LD_RUNPATH_SEARCH_PATHS = "$(inherited) @executable_path/Frameworks @loader_path/Frameworks";
				PRODUCT_NAME = "$(TARGET_NAME)";
				TEST_HOST = "$(BUILT_PRODUCTS_DIR)/Swift-Calc.app/Swift-Calc";
			};
			name = Release;
		};
/* End XCBuildConfiguration section */

/* Begin XCConfigurationList section */
		7FBFD9E61B53252800FAA31B /* Build configuration list for PBXProject "Swift-Calc" */ = {
			isa = XCConfigurationList;
			buildConfigurations = (
				7FBFDA081B53252800FAA31B /* Debug */,
				7FBFDA091B53252800FAA31B /* Release */,
			);
			defaultConfigurationIsVisible = 0;
			defaultConfigurationName = Release;
		};
		7FBFDA0A1B53252800FAA31B /* Build configuration list for PBXNativeTarget "Swift-Calc" */ = {
			isa = XCConfigurationList;
			buildConfigurations = (
				7FBFDA0B1B53252800FAA31B /* Debug */,
				7FBFDA0C1B53252800FAA31B /* Release */,
			);
			defaultConfigurationIsVisible = 0;
		};
		7FBFDA0D1B53252800FAA31B /* Build configuration list for PBXNativeTarget "Swift-CalcTests" */ = {
			isa = XCConfigurationList;
			buildConfigurations = (
				7FBFDA0E1B53252800FAA31B /* Debug */,
				7FBFDA0F1B53252800FAA31B /* Release */,
			);
			defaultConfigurationIsVisible = 0;
		};
/* End XCConfigurationList section */
	};
	rootObject = 7FBFD9E31B53252800FAA31B /* Project object */;
}
